<Solution>
  <Folder Name="/src/">
    <Project Path="src/MyLovePixel.Core/MyLovePixel.Core.csproj" />
    <Project Path="src/MyLovePixel.Commands/MyLovePixel.Commands.csproj" />
    <Project Path="src/MyLovePixel.Persistence/MyLovePixel.Persistence.csproj" />
    <Project Path="src/MyLovePixel.Raster/MyLovePixel.Raster.csproj" />
    <Project Path="src/MyLovePixel.Selection/MyLovePixel.Selection.csproj" />
    <Project Path="src/MyLovePixel.Cli/MyLovePixel.Cli.csproj" />
  </Folder>
  <Folder Name="/tests/">
    <Project Path="tests/MyLovePixel.Core.Tests/MyLovePixel.Core.Tests.csproj" />
    <Project Path="tests/MyLovePixel.Persistence.Tests/MyLovePixel.Persistence.Tests.csproj" />
    <Project Path="tests/MyLovePixel.Raster.Tests/MyLovePixel.Raster.Tests.csproj" />
    <Project Path="tests/MyLovePixel.Selection.Tests/MyLovePixel.Selection.Tests.csproj" />
  </Folder>
</Solution>
