<Solution>
  <Folder Name="/src/">
    <Project Path="src/MyLovePixel.Core/MyLovePixel.Core.csproj" />
    <Project Path="src/MyLovePixel.Commands/MyLovePixel.Commands.csproj" />
    <Project Path="src/MyLovePixel.Persistence/MyLovePixel.Persistence.csproj" />
    <Project Path="src/MyLovePixel.Raster/MyLovePixel.Raster.csproj" />
    <Project Path="src/MyLovePixel.Selection/MyLovePixel.Selection.csproj" />
    <Project Path="src/MyLovePixel.Render/MyLovePixel.Render.csproj" />
    <Project Path="src/MyLovePixel.Tools/MyLovePixel.Tools.csproj" />
    <Project Path="src/MyLovePixel.Animation/MyLovePixel.Animation.csproj" />
    <Project Path="src/MyLovePixel.Color/MyLovePixel.Color.csproj" />
    <Project Path="src/MyLovePixel.Tilemap/MyLovePixel.Tilemap.csproj" />
    <Project Path="src/MyLovePixel.Effects/MyLovePixel.Effects.csproj" />
    <Project Path="src/MyLovePixel.Export/MyLovePixel.Export.csproj" />
    <Project Path="src/MyLovePixel.Cli/MyLovePixel.Cli.csproj" />
  </Folder>
  <Folder Name="/tests/">
    <Project Path="tests/MyLovePixel.Core.Tests/MyLovePixel.Core.Tests.csproj" />
    <Project Path="tests/MyLovePixel.Persistence.Tests/MyLovePixel.Persistence.Tests.csproj" />
    <Project Path="tests/MyLovePixel.Raster.Tests/MyLovePixel.Raster.Tests.csproj" />
    <Project Path="tests/MyLovePixel.Selection.Tests/MyLovePixel.Selection.Tests.csproj" />
    <Project Path="tests/MyLovePixel.Render.Tests/MyLovePixel.Render.Tests.csproj" />
    <Project Path="tests/MyLovePixel.Tools.Tests/MyLovePixel.Tools.Tests.csproj" />
    <Project Path="tests/MyLovePixel.Animation.Tests/MyLovePixel.Animation.Tests.csproj" />
    <Project Path="tests/MyLovePixel.Color.Tests/MyLovePixel.Color.Tests.csproj" />
    <Project Path="tests/MyLovePixel.Tilemap.Tests/MyLovePixel.Tilemap.Tests.csproj" />
    <Project Path="tests/MyLovePixel.Effects.Tests/MyLovePixel.Effects.Tests.csproj" />
    <Project Path="tests/MyLovePixel.Export.Tests/MyLovePixel.Export.Tests.csproj" />
  </Folder>
</Solution>
